{
  "name": "@hyuga/reflint",
  "version": "0.9.1",
  "lockfileVersion": 3,
  "requires": true,
  "packages": {
    "": {
      "name": "@hyuga/reflint",
      "version": "0.9.1",
      "license": "MIT",
      "bin": {
        "reflint": "src/check.mjs"
      },
      "engines": {
        "node": ">=18"
      }
    }
  }
}
